
Microsoft Visual Studio Solution File, Format Version 12.00
# Visual Studio Version 17
VisualStudioVersion = 17.4.33205.214
MinimumVisualStudioVersion = 10.0.40219.1
Project("{FAE04EC0-301F-11D3-BF4B-00C04F79EFBC}") = "jelena1.Android", "jelena1\jelena1.Android\jelena1.Android.csproj", "{174D554D-8A1F-4F3E-83D6-0065991F296B}"
EndProject
Project("{FAE04EC0-301F-11D3-BF4B-00C04F79EFBC}") = "jelena1.iOS", "jelena1\jelena1.iOS\jelena1.iOS.csproj", "{A7D99D57-9AEE-4B73-AEEE-C7A1A21509F1}"
EndProject
Project("{FAE04EC0-301F-11D3-BF4B-00C04F79EFBC}") = "jelena1", "jelena1\jelena1\jelena1.csproj", "{334EAF93-7A68-41AA-ACEE-FA0BCB9399B9}"
EndProject
Global
	GlobalSection(SolutionConfigurationPlatforms) = preSolution
		Debug|Any CPU = Debug|Any CPU
		Debug|iPhone = Debug|iPhone
		Debug|iPhoneSimulator = Debug|iPhoneSimulator
		Release|Any CPU = Release|Any CPU
		Release|iPhone = Release|iPhone
		Release|iPhoneSimulator = Release|iPhoneSimulator
	EndGlobalSection
	GlobalSection(ProjectConfigurationPlatforms) = postSolution
		{174D554D-8A1F-4F3E-83D6-0065991F296B}.Debug|Any CPU.ActiveCfg = Debug|Any CPU
		{174D554D-8A1F-4F3E-83D6-0065991F296B}.Debug|Any CPU.Build.0 = Debug|Any CPU
		{174D554D-8A1F-4F3E-83D6-0065991F296B}.Debug|Any CPU.Deploy.0 = Debug|Any CPU
		{174D554D-8A1F-4F3E-83D6-0065991F296B}.Debug|iPhone.ActiveCfg = Debug|Any CPU
		{174D554D-8A1F-4F3E-83D6-0065991F296B}.Debug|iPhone.Build.0 = Debug|Any CPU
		{174D554D-8A1F-4F3E-83D6-0065991F296B}.Debug|iPhone.Deploy.0 = Debug|Any CPU
		{174D554D-8A1F-4F3E-83D6-0065991F296B}.Debug|iPhoneSimulator.ActiveCfg = Debug|Any CPU
		{174D554D-8A1F-4F3E-83D6-0065991F296B}.Debug|iPhoneSimulator.Build.0 = Debug|Any CPU
		{174D554D-8A1F-4F3E-83D6-0065991F296B}.Debug|iPhoneSimulator.Deploy.0 = Debug|Any CPU
		{174D554D-8A1F-4F3E-83D6-0065991F296B}.Release|Any CPU.ActiveCfg = Release|Any CPU
		{174D554D-8A1F-4F3E-83D6-0065991F296B}.Release|Any CPU.Build.0 = Release|Any CPU
		{174D554D-8A1F-4F3E-83D6-0065991F296B}.Release|Any CPU.Deploy.0 = Release|Any CPU
		{174D554D-8A1F-4F3E-83D6-0065991F296B}.Release|iPhone.ActiveCfg = Release|Any CPU
		{174D554D-8A1F-4F3E-83D6-0065991F296B}.Release|iPhone.Build.0 = Release|Any CPU
		{174D554D-8A1F-4F3E-83D6-0065991F296B}.Release|iPhone.Deploy.0 = Release|Any CPU
		{174D554D-8A1F-4F3E-83D6-0065991F296B}.Release|iPhoneSimulator.ActiveCfg = Release|Any CPU
		{174D554D-8A1F-4F3E-83D6-0065991F296B}.Release|iPhoneSimulator.Build.0 = Release|Any CPU
		{174D554D-8A1F-4F3E-83D6-0065991F296B}.Release|iPhoneSimulator.Deploy.0 = Release|Any CPU
		{A7D99D57-9AEE-4B73-AEEE-C7A1A21509F1}.Debug|Any CPU.ActiveCfg = Debug|iPhone
		{A7D99D57-9AEE-4B73-AEEE-C7A1A21509F1}.Debug|Any CPU.Build.0 = Debug|iPhone
		{A7D99D57-9AEE-4B73-AEEE-C7A1A21509F1}.Debug|Any CPU.Deploy.0 = Debug|iPhone
		{A7D99D57-9AEE-4B73-AEEE-C7A1A21509F1}.Debug|iPhone.ActiveCfg = Debug|iPhone
		{A7D99D57-9AEE-4B73-AEEE-C7A1A21509F1}.Debug|iPhone.Build.0 = Debug|iPhone
		{A7D99D57-9AEE-4B73-AEEE-C7A1A21509F1}.Debug|iPhone.Deploy.0 = Debug|iPhone
		{A7D99D57-9AEE-4B73-AEEE-C7A1A21509F1}.Debug|iPhoneSimulator.ActiveCfg = Debug|iPhoneSimulator
		{A7D99D57-9AEE-4B73-AEEE-C7A1A21509F1}.Debug|iPhoneSimulator.Build.0 = Debug|iPhoneSimulator
		{A7D99D57-9AEE-4B73-AEEE-C7A1A21509F1}.Debug|iPhoneSimulator.Deploy.0 = Debug|iPhoneSimulator
		{A7D99D57-9AEE-4B73-AEEE-C7A1A21509F1}.Release|Any CPU.ActiveCfg = Release|iPhoneSimulator
		{A7D99D57-9AEE-4B73-AEEE-C7A1A21509F1}.Release|Any CPU.Build.0 = Release|iPhoneSimulator
		{A7D99D57-9AEE-4B73-AEEE-C7A1A21509F1}.Release|Any CPU.Deploy.0 = Release|iPhoneSimulator
		{A7D99D57-9AEE-4B73-AEEE-C7A1A21509F1}.Release|iPhone.ActiveCfg = Release|iPhone
		{A7D99D57-9AEE-4B73-AEEE-C7A1A21509F1}.Release|iPhone.Build.0 = Release|iPhone
		{A7D99D57-9AEE-4B73-AEEE-C7A1A21509F1}.Release|iPhone.Deploy.0 = Release|iPhone
		{A7D99D57-9AEE-4B73-AEEE-C7A1A21509F1}.Release|iPhoneSimulator.ActiveCfg = Release|iPhoneSimulator
		{A7D99D57-9AEE-4B73-AEEE-C7A1A21509F1}.Release|iPhoneSimulator.Build.0 = Release|iPhoneSimulator
		{A7D99D57-9AEE-4B73-AEEE-C7A1A21509F1}.Release|iPhoneSimulator.Deploy.0 = Release|iPhoneSimulator
		{334EAF93-7A68-41AA-ACEE-FA0BCB9399B9}.Debug|Any CPU.ActiveCfg = Debug|Any CPU
		{334EAF93-7A68-41AA-ACEE-FA0BCB9399B9}.Debug|Any CPU.Build.0 = Debug|Any CPU
		{334EAF93-7A68-41AA-ACEE-FA0BCB9399B9}.Debug|Any CPU.Deploy.0 = Debug|Any CPU
		{334EAF93-7A68-41AA-ACEE-FA0BCB9399B9}.Debug|iPhone.ActiveCfg = Debug|Any CPU
		{334EAF93-7A68-41AA-ACEE-FA0BCB9399B9}.Debug|iPhone.Build.0 = Debug|Any CPU
		{334EAF93-7A68-41AA-ACEE-FA0BCB9399B9}.Debug|iPhone.Deploy.0 = Debug|Any CPU
		{334EAF93-7A68-41AA-ACEE-FA0BCB9399B9}.Debug|iPhoneSimulator.ActiveCfg = Debug|Any CPU
		{334EAF93-7A68-41AA-ACEE-FA0BCB9399B9}.Debug|iPhoneSimulator.Build.0 = Debug|Any CPU
		{334EAF93-7A68-41AA-ACEE-FA0BCB9399B9}.Debug|iPhoneSimulator.Deploy.0 = Debug|Any CPU
		{334EAF93-7A68-41AA-ACEE-FA0BCB9399B9}.Release|Any CPU.ActiveCfg = Release|Any CPU
		{334EAF93-7A68-41AA-ACEE-FA0BCB9399B9}.Release|Any CPU.Build.0 = Release|Any CPU
		{334EAF93-7A68-41AA-ACEE-FA0BCB9399B9}.Release|Any CPU.Deploy.0 = Release|Any CPU
		{334EAF93-7A68-41AA-ACEE-FA0BCB9399B9}.Release|iPhone.ActiveCfg = Release|Any CPU
		{334EAF93-7A68-41AA-ACEE-FA0BCB9399B9}.Release|iPhone.Build.0 = Release|Any CPU
		{334EAF93-7A68-41AA-ACEE-FA0BCB9399B9}.Release|iPhone.Deploy.0 = Release|Any CPU
		{334EAF93-7A68-41AA-ACEE-FA0BCB9399B9}.Release|iPhoneSimulator.ActiveCfg = Release|Any CPU
		{334EAF93-7A68-41AA-ACEE-FA0BCB9399B9}.Release|iPhoneSimulator.Build.0 = Release|Any CPU
		{334EAF93-7A68-41AA-ACEE-FA0BCB9399B9}.Release|iPhoneSimulator.Deploy.0 = Release|Any CPU
	EndGlobalSection
	GlobalSection(SolutionProperties) = preSolution
		HideSolutionNode = FALSE
	EndGlobalSection
	GlobalSection(ExtensibilityGlobals) = postSolution
		SolutionGuid = {26B186F3-15FA-4627-947F-FF60A93EC922}
	EndGlobalSection
EndGlobal
